#MicroXplorer Configuration settings - do not modify
ADC1.Channel-2\#ChannelRegularConversion=ADC_CHANNEL_1
ADC1.IPParameters=Rank-2\#ChannelRegularConversion,Channel-2\#ChannelRegularConversion,SamplingTime-2\#ChannelRegularConversion,OffsetNumber-2\#ChannelRegularConversion,MonitoredBy-2\#ChannelRegularConversion,NbrOfConversionFlag,master
ADC1.MonitoredBy-2\#ChannelRegularConversion=__NULL
ADC1.NbrOfConversionFlag=1
ADC1.OffsetNumber-2\#ChannelRegularConversion=ADC_OFFSET_NONE
ADC1.Rank-2\#ChannelRegularConversion=1
ADC1.SamplingTime-2\#ChannelRegularConversion=ADC_SAMPLETIME_2CYCLES_5
ADC1.master=1
BOOTPATH.BootPathName=LEGACY
BOOTPATH.IPParameters=BootPathName
BOOTPATH.UserSelectedBootPath=LEGACY
BSP_IP_NAME=NUCLEO-H533RE
CAD.formats=[]
CAD.pinconfig=Dual
CAD.provider=Component Search Engine
CORTEX_M33_NS.userName=CORTEX_M33
FDCAN2.AutoRetransmission=ENABLE
FDCAN2.CalculateBaudRateNominal=500000
FDCAN2.CalculateTimeBitNominal=2000
FDCAN2.CalculateTimeQuantumNominal=250.0
FDCAN2.FrameFormat=FDCAN_FRAME_FD_NO_BRS
FDCAN2.IPParameters=CalculateTimeQuantumNominal,CalculateTimeBitNominal,CalculateBaudRateNominal,NominalPrescaler,NominalTimeSeg1,NominalTimeSeg2,FrameFormat,Mode,AutoRetransmission,StdFiltersNbr
FDCAN2.Mode=FDCAN_MODE_NORMAL
FDCAN2.NominalPrescaler=32
FDCAN2.NominalTimeSeg1=6
FDCAN2.NominalTimeSeg2=1
FDCAN2.StdFiltersNbr=0
File.Version=6
GPIO.groupedBy=Group By Peripherals
I2C1.IPParameters=Timing
I2C1.Timing=0x60808CD3
I2C2.IPParameters=Timing
I2C2.Timing=0x60808CD3
KeepUserPlacement=false
MMTAppReg1.MEMORYMAP.AP=RW_priv_only
MMTAppReg1.MEMORYMAP.AppRegionName=RAM
MMTAppReg1.MEMORYMAP.ContextName=CortexM33
MMTAppReg1.MEMORYMAP.CoreName=ARM Cortex-M33
MMTAppReg1.MEMORYMAP.DefaultDataRegion=true
MMTAppReg1.MEMORYMAP.IPParameters=StartAddress,Size,CoreName,DefaultDataRegion,ContextName,Name,AP
MMTAppReg1.MEMORYMAP.Name=RAM
MMTAppReg1.MEMORYMAP.Size=278528
MMTAppReg1.MEMORYMAP.StartAddress=0x20000000
MMTAppReg2.MEMORYMAP.AppRegionName=RAM Reserved Alias Region
MMTAppReg2.MEMORYMAP.CoreName=ARM Cortex-M33
MMTAppReg2.MEMORYMAP.DefaultDataRegion=false
MMTAppReg2.MEMORYMAP.IPParameters=StartAddress,Size,CoreName,DefaultDataRegion,ReservedRegion,Name
MMTAppReg2.MEMORYMAP.Name=RAM Reserved Alias Region
MMTAppReg2.MEMORYMAP.ReservedRegion=true
MMTAppReg2.MEMORYMAP.Size=278528
MMTAppReg2.MEMORYMAP.StartAddress=0x0A000000
MMTAppReg3.MEMORYMAP.AP=RO_priv_only
MMTAppReg3.MEMORYMAP.AppRegionName=FLASH
MMTAppReg3.MEMORYMAP.Cacheability=WTRA
MMTAppReg3.MEMORYMAP.ContextName=CortexM33
MMTAppReg3.MEMORYMAP.CoreName=ARM Cortex-M33
MMTAppReg3.MEMORYMAP.DefaultCodeRegion=true
MMTAppReg3.MEMORYMAP.DefaultDataRegion=false
MMTAppReg3.MEMORYMAP.IPParameters=StartAddress,Size,CoreName,DefaultDataRegion,MemType,ContextName,Name,AP,Cacheability,DefaultCodeRegion
MMTAppReg3.MEMORYMAP.MemType=ROM
MMTAppReg3.MEMORYMAP.Name=FLASH
MMTAppReg3.MEMORYMAP.Size=524288
MMTAppReg3.MEMORYMAP.StartAddress=0x08000000
MMTAppRegionsCount=3
MMTConfigApplied=false
MMTSectionSuffix=
Mcu.CPN=STM32H533RET6
Mcu.ContextProject=TrustZoneDisabled
Mcu.Family=STM32H5
Mcu.IP0=ADC1
Mcu.IP1=BOOTPATH
Mcu.IP10=PWR
Mcu.IP11=RCC
Mcu.IP12=SPI2
Mcu.IP13=SPI4
Mcu.IP14=SYS
Mcu.IP2=CORTEX_M33_NS
Mcu.IP3=FDCAN2
Mcu.IP4=I2C1
Mcu.IP5=I2C2
Mcu.IP6=ICACHE
Mcu.IP7=MEMORYMAP
Mcu.IP8=NUCLEO-H533RE
Mcu.IP9=NVIC
Mcu.IPNb=16
Mcu.Name=STM32H533RETx
Mcu.Package=LQFP64
Mcu.Pin0=PC13
Mcu.Pin1=PC14-OSC32_IN(OSC32_IN)
Mcu.Pin10=PA1
Mcu.Pin11=PA2
Mcu.Pin12=PA3
Mcu.Pin13=PA5
Mcu.Pin14=PA6
Mcu.Pin15=PA7
Mcu.Pin16=PC4
Mcu.Pin17=PC5
Mcu.Pin18=PB0
Mcu.Pin19=PB1
Mcu.Pin2=PC15-OSC32_OUT(OSC32_OUT)
Mcu.Pin20=PB2
Mcu.Pin21=PB10
Mcu.Pin22=PB12
Mcu.Pin23=PB13
Mcu.Pin24=PB14
Mcu.Pin25=PB15
Mcu.Pin26=PC6
Mcu.Pin27=PC7
Mcu.Pin28=PC8
Mcu.Pin29=PC9
Mcu.Pin3=PH0-OSC_IN(PH0)
Mcu.Pin30=PA8
Mcu.Pin31=PA9
Mcu.Pin32=PA10
Mcu.Pin33=PA13(JTMS/SWDIO)
Mcu.Pin34=PA14(JTCK/SWCLK)
Mcu.Pin35=PA15(JTDI)
Mcu.Pin36=PC10
Mcu.Pin37=PC11
Mcu.Pin38=PC12
Mcu.Pin39=PD2
Mcu.Pin4=PH1-OSC_OUT(PH1)
Mcu.Pin40=PB3(JTDO/TRACESWO)
Mcu.Pin41=PB4(NJTRST)
Mcu.Pin42=PB5
Mcu.Pin43=PB6
Mcu.Pin44=PB7
Mcu.Pin45=PB8
Mcu.Pin46=VP_CORTEX_M33_NS_VS_Hclk
Mcu.Pin47=VP_ICACHE_VS_ENABLE_ICACHE_MEMORY
Mcu.Pin48=VP_PWR_VS_SECSignals
Mcu.Pin49=VP_PWR_VS_LPOM
Mcu.Pin5=PC0
Mcu.Pin50=VP_SYS_VS_Systick
Mcu.Pin51=VP_BOOTPATH_VS_BOOTPATH
Mcu.Pin52=VP_MEMORYMAP_VS_MEMORYMAP
Mcu.Pin53=VP_NUCLEO-H533RE_VS_BSP_COMMON
Mcu.Pin6=PC1
Mcu.Pin7=PC2
Mcu.Pin8=PC3
Mcu.Pin9=PA0
Mcu.PinsNb=54
Mcu.ThirdPartyNb=0
Mcu.UserConstants=
Mcu.UserName=STM32H533RETx
MxCube.Version=6.17.0
MxDb.Version=DB.6.0.170
NUCLEO-H533RE.BUTTON=1
NUCLEO-H533RE.IPParameters=BUTTON,LD4,VCP
NUCLEO-H533RE.LD4=true
NUCLEO-H533RE.VCP=true
NVIC.BusFault_IRQn=true\:0\:0\:false\:false\:true\:false\:false\:false
NVIC.DebugMonitor_IRQn=true\:0\:0\:false\:false\:true\:false\:false\:false
NVIC.EXTI13_IRQn=true\:0\:0\:false\:false\:true\:false\:true\:true
NVIC.FDCAN2_IT0_IRQn=true\:0\:0\:false\:false\:true\:true\:true\:true
NVIC.ForceEnableDMAVector=true
NVIC.HardFault_IRQn=true\:0\:0\:false\:false\:true\:false\:false\:false
NVIC.MemoryManagement_IRQn=true\:0\:0\:false\:false\:true\:false\:false\:false
NVIC.NonMaskableInt_IRQn=true\:0\:0\:false\:false\:true\:false\:false\:false
NVIC.PendSV_IRQn=true\:0\:0\:false\:false\:true\:false\:false\:false
NVIC.PriorityGroup=NVIC_PRIORITYGROUP_4
NVIC.SVCall_IRQn=true\:0\:0\:false\:false\:true\:false\:false\:false
NVIC.SysTick_IRQn=true\:15\:0\:false\:false\:true\:false\:true\:false
NVIC.UsageFault_IRQn=true\:0\:0\:false\:false\:true\:false\:false\:false
PA0.Signal=ADCx_INP0
PA1.Locked=true
PA1.Signal=ADCx_INP1
PA10.GPIOParameters=GPIO_Label
PA10.GPIO_Label=LO_7
PA10.Locked=true
PA10.Signal=GPIO_Output
PA13(JTMS/SWDIO).GPIOParameters=GPIO_Label
PA13(JTMS/SWDIO).GPIO_Label=SWDIO
PA13(JTMS/SWDIO).Locked=true
PA13(JTMS/SWDIO).Signal=DEBUG_JTMS-SWDIO
PA14(JTCK/SWCLK).GPIOParameters=GPIO_Label
PA14(JTCK/SWCLK).GPIO_Label=SWCLK
PA14(JTCK/SWCLK).Locked=true
PA14(JTCK/SWCLK).Signal=DEBUG_JTCK-SWCLK
PA15(JTDI).GPIOParameters=GPIO_Label
PA15(JTDI).GPIO_Label=JTDI
PA15(JTDI).Locked=true
PA15(JTDI).Signal=DEBUG_JTDI
PA2.Locked=true
PA2.Signal=USART2_TX
PA3.Locked=true
PA3.Signal=USART2_RX
PA5.Locked=true
PA6.GPIOParameters=GPIO_Label
PA6.GPIO_Label=LO_6
PA6.Locked=true
PA6.Signal=GPIO_Output
PA7.GPIOParameters=GPIO_Label
PA7.GPIO_Label=LO_5
PA7.Locked=true
PA7.Signal=GPIO_Output
PA8.Locked=true
PA8.Mode=Full_Duplex_Master
PA8.Signal=SPI4_MOSI
PA9.GPIOParameters=GPIO_Label
PA9.GPIO_Label=LO_8
PA9.Locked=true
PA9.Signal=GPIO_Output
PB0.Locked=true
PB0.Signal=ADCx_INP9
PB1.Locked=true
PB1.Signal=ADCx_INP5
PB10.Mode=I2C
PB10.Signal=I2C2_SCL
PB12.Mode=I2C
PB12.Signal=I2C2_SDA
PB13.GPIOParameters=GPIO_Speed
PB13.GPIO_Speed=GPIO_SPEED_FREQ_VERY_HIGH
PB13.Mode=FDCAN_Activate
PB13.Signal=FDCAN2_TX
PB14.GPIOParameters=GPIO_Label
PB14.GPIO_Label=OI_2
PB14.Locked=true
PB14.Signal=GPXTI14
PB15.GPIOParameters=GPIO_Label
PB15.GPIO_Label=OI_1
PB15.Locked=true
PB15.Signal=GPXTI15
PB2.Mode=Full_Duplex_Master
PB2.Signal=SPI2_SCK
PB3(JTDO/TRACESWO).GPIOParameters=GPIO_Label
PB3(JTDO/TRACESWO).GPIO_Label=SWO
PB3(JTDO/TRACESWO).Locked=true
PB3(JTDO/TRACESWO).Signal=DEBUG_JTDO-SWO
PB4(NJTRST).GPIOParameters=GPIO_Label
PB4(NJTRST).GPIO_Label=LO_4
PB4(NJTRST).Locked=true
PB4(NJTRST).Signal=GPIO_Output
PB5.GPIOParameters=GPIO_Speed,GPIO_PuPd
PB5.GPIO_PuPd=GPIO_PULLUP
PB5.GPIO_Speed=GPIO_SPEED_FREQ_VERY_HIGH
PB5.Mode=FDCAN_Activate
PB5.Signal=FDCAN2_RX
PB6.Mode=I2C
PB6.Signal=I2C1_SCL
PB7.Mode=I2C
PB7.Signal=I2C1_SDA
PB8.GPIOParameters=GPIO_Label
PB8.GPIO_Label=HO_1
PB8.Locked=true
PB8.Signal=GPIO_Output
PC0.Mode=Full_Duplex_Master
PC0.Signal=SPI4_MISO
PC1.Locked=true
PC1.Mode=Full_Duplex_Master
PC1.Signal=SPI2_MOSI
PC10.GPIOParameters=GPIO_Label
PC10.GPIO_Label=OI_5
PC10.Locked=true
PC10.Signal=GPIO_Input
PC11.GPIOParameters=GPIO_Label
PC11.GPIO_Label=OI_4
PC11.Locked=true
PC11.Signal=GPIO_Input
PC12.GPIOParameters=GPIO_Label
PC12.GPIO_Label=OI_7
PC12.Locked=true
PC12.Signal=GPIO_Input
PC13.Locked=true
PC14-OSC32_IN(OSC32_IN).GPIOParameters=GPIO_Label
PC14-OSC32_IN(OSC32_IN).GPIO_Label=OI_8
PC14-OSC32_IN(OSC32_IN).Locked=true
PC14-OSC32_IN(OSC32_IN).Signal=GPIO_Input
PC15-OSC32_OUT(OSC32_OUT).GPIOParameters=GPIO_Label
PC15-OSC32_OUT(OSC32_OUT).GPIO_Label=OI_9
PC15-OSC32_OUT(OSC32_OUT).Locked=true
PC15-OSC32_OUT(OSC32_OUT).Signal=GPIO_Input
PC2.Mode=Full_Duplex_Master
PC2.Signal=SPI2_MISO
PC3.GPIOParameters=GPIO_Label
PC3.GPIO_Label=LO_9
PC3.Locked=true
PC3.Signal=GPIO_Output
PC4.GPIOParameters=GPIO_Label
PC4.GPIO_Label=HO_2
PC4.Locked=true
PC4.Signal=GPIO_Output
PC5.Mode=Full_Duplex_Master
PC5.Signal=SPI4_SCK
PC6.GPIOParameters=GPIO_Label
PC6.GPIO_Label=LO_3
PC6.Locked=true
PC6.Signal=GPIO_Output
PC7.GPIOParameters=GPIO_Label
PC7.GPIO_Label=LO_2
PC7.Locked=true
PC7.Signal=GPIO_Output
PC8.GPIOParameters=GPIO_Label
PC8.GPIO_Label=OI_3
PC8.Locked=true
PC8.Signal=GPXTI8
PC9.GPIOParameters=GPIO_Label
PC9.GPIO_Label=LO_4
PC9.Locked=true
PC9.Signal=GPIO_Output
PCC.Checker=false
PCC.Display=Plot\: All Steps
PCC.Line=STM32H5x3
PCC.MCU=STM32H533RETx
PCC.PartNumber=STM32H533RETx
PCC.Series=STM32H5
PCC.Temperature=25
PCC.Vdd=3.0
PD2.GPIOParameters=GPIO_Label
PD2.GPIO_Label=OI_6
PD2.Locked=true
PD2.Signal=GPIO_Input
PH0-OSC_IN(PH0).GPIOParameters=GPIO_Label
PH0-OSC_IN(PH0).GPIO_Label=OI_10
PH0-OSC_IN(PH0).Locked=true
PH0-OSC_IN(PH0).Signal=GPIO_Input
PH1-OSC_OUT(PH1).GPIOParameters=GPIO_Label
PH1-OSC_OUT(PH1).GPIO_Label=LO_10
PH1-OSC_OUT(PH1).Locked=true
PH1-OSC_OUT(PH1).Signal=GPIO_Output
PinOutPanel.RotationAngle=0
ProjectManager.AskForMigrate=true
ProjectManager.BackupPrevious=false
ProjectManager.CompilerLinker=Starm-Clang
ProjectManager.CompilerOptimize=6
ProjectManager.ComputerToolchain=false
ProjectManager.CoupleFile=false
ProjectManager.CustomerFirmwarePackage=
ProjectManager.DefaultFWLocation=true
ProjectManager.DeletePrevious=true
ProjectManager.DeviceId=STM32H533RETx
ProjectManager.FirmwarePackage=STM32Cube FW_H5 V1.6.0
ProjectManager.FreePins=false
ProjectManager.FreePinsContext=
ProjectManager.HalAssertFull=false
ProjectManager.HeapSize=0x200
ProjectManager.KeepUserCode=true
ProjectManager.LastFirmware=true
ProjectManager.LibraryCopy=1
ProjectManager.MainLocation=Core/Src
ProjectManager.NoMain=false
ProjectManager.PreviousToolchain=
ProjectManager.ProjectBuild=false
ProjectManager.ProjectFileName=SolarCarBatteryBoxControlBoard.ioc
ProjectManager.ProjectName=SolarCarBatteryBoxControlBoard
ProjectManager.ProjectStructure=
ProjectManager.RegisterCallBack=
ProjectManager.StackSize=0x400
ProjectManager.TargetToolchain=CMake
ProjectManager.ToolChainLocation=
ProjectManager.UAScriptAfterPath=
ProjectManager.UAScriptBeforePath=
ProjectManager.UnderRoot=false
ProjectManager.functionlistsort=1-SystemClock_Config-RCC-false-HAL-false,2-MX_GPIO_Init-GPIO-false-HAL-true,3-MX_FDCAN2_Init-FDCAN2-false-HAL-true,4-MX_I2C1_Init-I2C1-false-HAL-true,5-MX_I2C2_Init-I2C2-false-HAL-true,6-MX_SPI2_Init-SPI2-false-HAL-true,7-MX_SPI4_Init-SPI4-false-HAL-true,8-MX_ICACHE_Init-ICACHE-false-HAL-true,9-MX_ADC1_Init-ADC1-false-HAL-true,0-MX_CORTEX_M33_NS_Init-CORTEX_M33_NS-false-HAL-true,0-MX_PWR_Init-PWR-false-HAL-true,false-0--NUCLEO-H533RE-true-HAL-true
RCC.ADCFreq_Value=250000000
RCC.AHBFreq_Value=250000000
RCC.APB1Freq_Value=250000000
RCC.APB1TimFreq_Value=250000000
RCC.APB2CLKDivider=RCC_HCLK_DIV2
RCC.APB2Freq_Value=125000000
RCC.APB2TimFreq_Value=250000000
RCC.APB3Freq_Value=250000000
RCC.CKPERFreq_Value=64000000
RCC.CRSFreq_Value=48000000
RCC.CSI_VALUE=4000000
RCC.CortexFreq_Value=250000000
RCC.DACFreq_Value=32768
RCC.EPOD_VALUE=4000000
RCC.FCLKCortexFreq_Value=250000000
RCC.FDCANClockSelection=RCC_FDCANCLKSOURCE_PLL2Q
RCC.FDCANFreq_Value=128000000
RCC.FamilyName=M
RCC.HCLKFreq_Value=250000000
RCC.HSE_VALUE=25000000
RCC.HSI48_VALUE=48000000
RCC.HSIDiv=RCC_HSI_DIV1
RCC.HSI_VALUE=64000000
RCC.I2C1Freq_Value=250000000
RCC.I2C2Freq_Value=250000000
RCC.I2C3Freq_Value=250000000
RCC.I3C1Freq_Value=250000000
RCC.I3C2Freq_Value=250000000
RCC.IPParameters=ADCFreq_Value,AHBFreq_Value,APB1Freq_Value,APB1TimFreq_Value,APB2CLKDivider,APB2Freq_Value,APB2TimFreq_Value,APB3Freq_Value,CKPERFreq_Value,CRSFreq_Value,CSI_VALUE,CortexFreq_Value,DACFreq_Value,EPOD_VALUE,FCLKCortexFreq_Value,FDCANClockSelection,FDCANFreq_Value,FamilyName,HCLKFreq_Value,HSE_VALUE,HSI48_VALUE,HSIDiv,HSI_VALUE,I2C1Freq_Value,I2C2Freq_Value,I2C3Freq_Value,I3C1Freq_Value,I3C2Freq_Value,LPTIM1Freq_Value,LPTIM2Freq_Value,LPUART1Freq_Value,LSCOPinFreq_Value,LSE_VALUE,LSIRC_VALUE,MCO1PinFreq_Value,MCO2PinFreq_Value,OCTOSPIMFreq_Value,PLL1Q,PLL2FRACN,PLL2N,PLL2PoutputFreq_Value,PLL2Q,PLL2QoutputFreq_Value,PLL2RoutputFreq_Value,PLL3N,PLL3PoutputFreq_Value,PLL3QoutputFreq_Value,PLL3RoutputFreq_Value,PLLFRACN,PLLN,PLLPoutputFreq_Value,PLLQoutputFreq_Value,PWRFreq_Value,RNGFreq_Value,SDMMC1Freq_Value,SPI1Freq_Value,SPI2Freq_Value,SPI3Freq_Value,SPI4Freq_Value,SYSCLKFreq_VALUE,SYSCLKSource,UART4Freq_Value,UART5Freq_Value,UCPD1outputFreq_Value,USART1Freq_Value,USART2Freq_Value,USART3Freq_Value,USART6Freq_Value,USBFreq_Value,VCOInput2Freq_Value,VCOInput3Freq_Value,VCOInputFreq_Value,VCOOutputFreq_Value,VCOPLL2OutputFreq_Value,VCOPLL3OutputFreq_Value
RCC.LPTIM1Freq_Value=250000000
RCC.LPTIM2Freq_Value=250000000
RCC.LPUART1Freq_Value=250000000
RCC.LSCOPinFreq_Value=32000
RCC.LSE_VALUE=32768
RCC.LSIRC_VALUE=32000
RCC.MCO1PinFreq_Value=64000000
RCC.MCO2PinFreq_Value=250000000
RCC.OCTOSPIMFreq_Value=250000000
RCC.PLL1Q=4
RCC.PLL2FRACN=0
RCC.PLL2N=32
RCC.PLL2PoutputFreq_Value=64000000
RCC.PLL2Q=1
RCC.PLL2QoutputFreq_Value=128000000
RCC.PLL2RoutputFreq_Value=64000000
RCC.PLL3N=128
RCC.PLL3PoutputFreq_Value=256000000
RCC.PLL3QoutputFreq_Value=256000000
RCC.PLL3RoutputFreq_Value=256000000
RCC.PLLFRACN=0
RCC.PLLN=125
RCC.PLLPoutputFreq_Value=250000000
RCC.PLLQoutputFreq_Value=125000000
RCC.PWRFreq_Value=250000000
RCC.RNGFreq_Value=48000000
RCC.SDMMC1Freq_Value=125000000
RCC.SPI1Freq_Value=125000000
RCC.SPI2Freq_Value=125000000
RCC.SPI3Freq_Value=125000000
RCC.SPI4Freq_Value=125000000
RCC.SYSCLKFreq_VALUE=250000000
RCC.SYSCLKSource=RCC_SYSCLKSOURCE_PLLCLK
RCC.UART4Freq_Value=250000000
RCC.UART5Freq_Value=250000000
RCC.UCPD1outputFreq_Value=16000000
RCC.USART1Freq_Value=125000000
RCC.USART2Freq_Value=250000000
RCC.USART3Freq_Value=250000000
RCC.USART6Freq_Value=250000000
RCC.USBFreq_Value=48000000
RCC.VCOInput2Freq_Value=4000000
RCC.VCOInput3Freq_Value=4000000
RCC.VCOInputFreq_Value=4000000
RCC.VCOOutputFreq_Value=500000000
RCC.VCOPLL2OutputFreq_Value=128000000
RCC.VCOPLL3OutputFreq_Value=512000000
SH.ADCx_INP0.0=ADC1_INP0,IN0-Single-Ended
SH.ADCx_INP0.ConfNb=1
SH.ADCx_INP1.0=ADC1_INP1,IN1-Single-Ended
SH.ADCx_INP1.ConfNb=1
SH.ADCx_INP5.0=ADC1_INP5,IN5-Single-Ended
SH.ADCx_INP5.ConfNb=1
SH.ADCx_INP9.0=ADC1_INP9,IN9-Single-Ended
SH.ADCx_INP9.ConfNb=1
SH.GPXTI14.0=GPIO_EXTI14
SH.GPXTI14.ConfNb=1
SH.GPXTI15.0=GPIO_EXTI15
SH.GPXTI15.ConfNb=1
SH.GPXTI8.0=GPIO_EXTI8
SH.GPXTI8.ConfNb=1
SPI2.BaudRatePrescaler=SPI_BAUDRATEPRESCALER_2
SPI2.CalculateBaudRate=62.5 MBits/s
SPI2.Direction=SPI_DIRECTION_2LINES
SPI2.IPParameters=VirtualType,Mode,Direction,CalculateBaudRate,BaudRatePrescaler
SPI2.Mode=SPI_MODE_MASTER
SPI2.VirtualType=VM_MASTER
SPI4.CalculateBaudRate=62.5 MBits/s
SPI4.Direction=SPI_DIRECTION_2LINES
SPI4.IPParameters=VirtualType,Mode,Direction,CalculateBaudRate
SPI4.Mode=SPI_MODE_MASTER
SPI4.VirtualType=VM_MASTER
VP_BOOTPATH_VS_BOOTPATH.Mode=BP_Activate
VP_BOOTPATH_VS_BOOTPATH.Signal=BOOTPATH_VS_BOOTPATH
VP_CORTEX_M33_NS_VS_Hclk.Mode=Hclk_Mode
VP_CORTEX_M33_NS_VS_Hclk.Signal=CORTEX_M33_NS_VS_Hclk
VP_ICACHE_VS_ENABLE_ICACHE_MEMORY.Mode=Memoryregions
VP_ICACHE_VS_ENABLE_ICACHE_MEMORY.Signal=ICACHE_VS_ENABLE_ICACHE_MEMORY
VP_MEMORYMAP_VS_MEMORYMAP.Mode=CurAppReg
VP_MEMORYMAP_VS_MEMORYMAP.Signal=MEMORYMAP_VS_MEMORYMAP
VP_NUCLEO-H533RE_VS_BSP_COMMON.Mode=COMMON
VP_NUCLEO-H533RE_VS_BSP_COMMON.Signal=NUCLEO-H533RE_VS_BSP_COMMON
VP_PWR_VS_LPOM.Mode=PowerOptimisation
VP_PWR_VS_LPOM.Signal=PWR_VS_LPOM
VP_PWR_VS_SECSignals.Mode=Security/Privilege
VP_PWR_VS_SECSignals.Signal=PWR_VS_SECSignals
VP_SYS_VS_Systick.Mode=SysTick
VP_SYS_VS_Systick.Signal=SYS_VS_Systick
board=NUCLEO-H533RE
boardIOC=true
